// !$*UTF8*$!
{
	archiveVersion = 1;
	classes = {
	};
	objectVersion = 56;
	objects = {

/* Begin PBXBuildFile section */
		4857A9802C8AA34F00BC8F0D /* SwiftUI_CryptoCoinApp.swift in Sources */ = {isa = PBXBuildFile; fileRef = 4857A97F2C8AA34F00BC8F0D /* SwiftUI_CryptoCoinApp.swift */; };
		4857A9822C8AA34F00BC8F0D /* ContentView.swift in Sources */ = {isa = PBXBuildFile; fileRef = 4857A9812C8AA34F00BC8F0D /* ContentView.swift */; };
		4857A9842C8AA35100BC8F0D /* Assets.xcassets in Resources */ = {isa = PBXBuildFile; fileRef = 4857A9832C8AA35100BC8F0D /* Assets.xcassets */; };
		4857A9872C8AA35100BC8F0D /* Preview Assets.xcassets in Resources */ = {isa = PBXBuildFile; fileRef = 4857A9862C8AA35100BC8F0D /* Preview Assets.xcassets */; };
		4857A98F2C8ADC3700BC8F0D /* Trending.swift in Sources */ = {isa = PBXBuildFile; fileRef = 4857A98E2C8ADC3700BC8F0D /* Trending.swift */; };
		4857A9922C8ADDAD00BC8F0D /* NetworkManager.swift in Sources */ = {isa = PBXBuildFile; fileRef = 4857A9912C8ADDAD00BC8F0D /* NetworkManager.swift */; };
		4857A9952C8AE78800BC8F0D /* Alamofire in Frameworks */ = {isa = PBXBuildFile; productRef = 4857A9942C8AE78800BC8F0D /* Alamofire */; };
/* End PBXBuildFile section */

/* Begin PBXFileReference section */
		4857A97C2C8AA34F00BC8F0D /* SwiftUI-CryptoCoin.app */ = {isa = PBXFileReference; explicitFileType = wrapper.application; includeInIndex = 0; path = "SwiftUI-CryptoCoin.app"; sourceTree = BUILT_PRODUCTS_DIR; };
		4857A97F2C8AA34F00BC8F0D /* SwiftUI_CryptoCoinApp.swift */ = {isa = PBXFileReference; lastKnownFileType = sourcecode.swift; path = SwiftUI_CryptoCoinApp.swift; sourceTree = "<group>"; };
		4857A9812C8AA34F00BC8F0D /* ContentView.swift */ = {isa = PBXFileReference; lastKnownFileType = sourcecode.swift; path = ContentView.swift; sourceTree = "<group>"; };
		4857A9832C8AA35100BC8F0D /* Assets.xcassets */ = {isa = PBXFileReference; lastKnownFileType = folder.assetcatalog; path = Assets.xcassets; sourceTree = "<group>"; };
		4857A9862C8AA35100BC8F0D /* Preview Assets.xcassets */ = {isa = PBXFileReference; lastKnownFileType = folder.assetcatalog; path = "Preview Assets.xcassets"; sourceTree = "<group>"; };
		4857A98E2C8ADC3700BC8F0D /* Trending.swift */ = {isa = PBXFileReference; lastKnownFileType = sourcecode.swift; path = Trending.swift; sourceTree = "<group>"; };
		4857A9912C8ADDAD00BC8F0D /* NetworkManager.swift */ = {isa = PBXFileReference; lastKnownFileType = sourcecode.swift; path = NetworkManager.swift; sourceTree = "<group>"; };
/* End PBXFileReference section */

/* Begin PBXFrameworksBuildPhase section */
		4857A9792C8AA34F00BC8F0D /* Frameworks */ = {
			isa = PBXFrameworksBuildPhase;
			buildActionMask = 2147483647;
			files = (
				4857A9952C8AE78800BC8F0D /* Alamofire in Frameworks */,
			);
			runOnlyForDeploymentPostprocessing = 0;
		};
/* End PBXFrameworksBuildPhase section */

/* Begin PBXGroup section */
		4857A9732C8AA34F00BC8F0D = {
			isa = PBXGroup;
			children = (
				4857A97E2C8AA34F00BC8F0D /* SwiftUI-CryptoCoin */,
				4857A97D2C8AA34F00BC8F0D /* Products */,
			);
			sourceTree = "<group>";
		};
		4857A97D2C8AA34F00BC8F0D /* Products */ = {
			isa = PBXGroup;
			children = (
				4857A97C2C8AA34F00BC8F0D /* SwiftUI-CryptoCoin.app */,
			);
			name = Products;
			sourceTree = "<group>";
		};
		4857A97E2C8AA34F00BC8F0D /* SwiftUI-CryptoCoin */ = {
			isa = PBXGroup;
			children = (
				4857A9902C8ADD9900BC8F0D /* Network */,
				4857A98D2C8ADC2700BC8F0D /* Model */,
				4857A97F2C8AA34F00BC8F0D /* SwiftUI_CryptoCoinApp.swift */,
				4857A9812C8AA34F00BC8F0D /* ContentView.swift */,
				4857A9832C8AA35100BC8F0D /* Assets.xcassets */,
				4857A9852C8AA35100BC8F0D /* Preview Content */,
			);
			path = "SwiftUI-CryptoCoin";
			sourceTree = "<group>";
		};
		4857A9852C8AA35100BC8F0D /* Preview Content */ = {
			isa = PBXGroup;
			children = (
				4857A9862C8AA35100BC8F0D /* Preview Assets.xcassets */,
			);
			path = "Preview Content";
			sourceTree = "<group>";
		};
		4857A98D2C8ADC2700BC8F0D /* Model */ = {
			isa = PBXGroup;
			children = (
				4857A98E2C8ADC3700BC8F0D /* Trending.swift */,
			);
			path = Model;
			sourceTree = "<group>";
		};
		4857A9902C8ADD9900BC8F0D /* Network */ = {
			isa = PBXGroup;
			children = (
				4857A9912C8ADDAD00BC8F0D /* NetworkManager.swift */,
			);
			path = Network;
			sourceTree = "<group>";
		};
/* End PBXGroup section */

/* Begin PBXNativeTarget section */
		4857A97B2C8AA34F00BC8F0D /* SwiftUI-CryptoCoin */ = {
			isa = PBXNativeTarget;
			buildConfigurationList = 4857A98A2C8AA35100BC8F0D /* Build configuration list for PBXNativeTarget "SwiftUI-CryptoCoin" */;
			buildPhases = (
				4857A9782C8AA34F00BC8F0D /* Sources */,
				4857A9792C8AA34F00BC8F0D /* Frameworks */,
				4857A97A2C8AA34F00BC8F0D /* Resources */,
			);
			buildRules = (
			);
			dependencies = (
			);
			name = "SwiftUI-CryptoCoin";
			packageProductDependencies = (
				4857A9942C8AE78800BC8F0D /* Alamofire */,
			);
			productName = "SwiftUI-CryptoCoin";
			productReference = 4857A97C2C8AA34F00BC8F0D /* SwiftUI-CryptoCoin.app */;
			productType = "com.apple.product-type.application";
		};
/* End PBXNativeTarget section */

/* Begin PBXProject section */
		4857A9742C8AA34F00BC8F0D /* Project object */ = {
			isa = PBXProject;
			attributes = {
				BuildIndependentTargetsInParallel = 1;
				LastSwiftUpdateCheck = 1530;
				LastUpgradeCheck = 1530;
				TargetAttributes = {
					4857A97B2C8AA34F00BC8F0D = {
						CreatedOnToolsVersion = 15.3;
					};
				};
			};
			buildConfigurationList = 4857A9772C8AA34F00BC8F0D /* Build configuration list for PBXProject "SwiftUI-CryptoCoin" */;
			compatibilityVersion = "Xcode 14.0";
			developmentRegion = en;
			hasScannedForEncodings = 0;
			knownRegions = (
				en,
				Base,
			);
			mainGroup = 4857A9732C8AA34F00BC8F0D;
			packageReferences = (
				4857A9932C8AE78800BC8F0D /* XCRemoteSwiftPackageReference "Alamofire" */,
			);
			productRefGroup = 4857A97D2C8AA34F00BC8F0D /* Products */;
			projectDirPath = "";
			projectRoot = "";
			targets = (
				4857A97B2C8AA34F00BC8F0D /* SwiftUI-CryptoCoin */,
			);
		};
/* End PBXProject section */

/* Begin PBXResourcesBuildPhase section */
		4857A97A2C8AA34F00BC8F0D /* Resources */ = {
			isa = PBXResourcesBuildPhase;
			buildActionMask = 2147483647;
			files = (
				4857A9872C8AA35100BC8F0D /* Preview Assets.xcassets in Resources */,
				4857A9842C8AA35100BC8F0D /* Assets.xcassets in Resources */,
			);
			runOnlyForDeploymentPostprocessing = 0;
		};
/* End PBXResourcesBuildPhase section */

/* Begin PBXSourcesBuildPhase section */
		4857A9782C8AA34F00BC8F0D /* Sources */ = {
			isa = PBXSourcesBuildPhase;
			buildActionMask = 2147483647;
			files = (
				4857A9922C8ADDAD00BC8F0D /* NetworkManager.swift in Sources */,
				4857A98F2C8ADC3700BC8F0D /* Trending.swift in Sources */,
				4857A9822C8AA34F00BC8F0D /* ContentView.swift in Sources */,
				4857A9802C8AA34F00BC8F0D /* SwiftUI_CryptoCoinApp.swift in Sources */,
			);
			runOnlyForDeploymentPostprocessing = 0;
		};
/* End PBXSourcesBuildPhase section */

/* Begin XCBuildConfiguration section */
		4857A9882C8AA35100BC8F0D /* Debug */ = {
			isa = XCBuildConfiguration;
			buildSettings = {
				ALWAYS_SEARCH_USER_PATHS = NO;
				ASSETCATALOG_COMPILER_GENERATE_SWIFT_ASSET_SYMBOL_EXTENSIONS = YES;
				CLANG_ANALYZER_NONNULL = YES;
				CLANG_ANALYZER_NUMBER_OBJECT_CONVERSION = YES_AGGRESSIVE;
				CLANG_CXX_LANGUAGE_STANDARD = "gnu++20";
				CLANG_ENABLE_MODULES = YES;
				CLANG_ENABLE_OBJC_ARC = YES;
				CLANG_ENABLE_OBJC_WEAK = YES;
				CLANG_WARN_BLOCK_CAPTURE_AUTORELEASING = YES;
				CLANG_WARN_BOOL_CONVERSION = YES;
				CLANG_WARN_COMMA = YES;
				CLANG_WARN_CONSTANT_CONVERSION = YES;
				CLANG_WARN_DEPRECATED_OBJC_IMPLEMENTATIONS = YES;
				CLANG_WARN_DIRECT_OBJC_ISA_USAGE = YES_ERROR;
				CLANG_WARN_DOCUMENTATION_COMMENTS = YES;
				CLANG_WARN_EMPTY_BODY = YES;
				CLANG_WARN_ENUM_CONVERSION = YES;
				CLANG_WARN_INFINITE_RECURSION = YES;
				CLANG_WARN_INT_CONVERSION = YES;
				CLANG_WARN_NON_LITERAL_NULL_CONVERSION = YES;
				CLANG_WARN_OBJC_IMPLICIT_RETAIN_SELF = YES;
				CLANG_WARN_OBJC_LITERAL_CONVERSION = YES;
				CLANG_WARN_OBJC_ROOT_CLASS = YES_ERROR;
				CLANG_WARN_QUOTED_INCLUDE_IN_FRAMEWORK_HEADER = YES;
				CLANG_WARN_RANGE_LOOP_ANALYSIS = YES;
				CLANG_WARN_STRICT_PROTOTYPES = YES;
				CLANG_WARN_SUSPICIOUS_MOVE = YES;
				CLANG_WARN_UNGUARDED_AVAILABILITY = YES_AGGRESSIVE;
				CLANG_WARN_UNREACHABLE_CODE = YES;
				CLANG_WARN__DUPLICATE_METHOD_MATCH = YES;
				COPY_PHASE_STRIP = NO;
				DEBUG_INFORMATION_FORMAT = dwarf;
				ENABLE_STRICT_OBJC_MSGSEND = YES;
				ENABLE_TESTABILITY = YES;
				ENABLE_USER_SCRIPT_SANDBOXING = YES;
				GCC_C_LANGUAGE_STANDARD = gnu17;
				GCC_DYNAMIC_NO_PIC = NO;
				GCC_NO_COMMON_BLOCKS = YES;
				GCC_OPTIMIZATION_LEVEL = 0;
				GCC_PREPROCESSOR_DEFINITIONS = (
					"DEBUG=1",
					"$(inherited)",
				);
				GCC_WARN_64_TO_32_BIT_CONVERSION = YES;
				GCC_WARN_ABOUT_RETURN_TYPE = YES_ERROR;
				GCC_WARN_UNDECLARED_SELECTOR = YES;
				GCC_WARN_UNINITIALIZED_AUTOS = YES_AGGRESSIVE;
				GCC_WARN_UNUSED_FUNCTION = YES;
				GCC_WARN_UNUSED_VARIABLE = YES;
				IPHONEOS_DEPLOYMENT_TARGET = 17.4;
				LOCALIZATION_PREFERS_STRING_CATALOGS = YES;
				MTL_ENABLE_DEBUG_INFO = INCLUDE_SOURCE;
				MTL_FAST_MATH = YES;
				ONLY_ACTIVE_ARCH = YES;
				SDKROOT = iphoneos;
				SWIFT_ACTIVE_COMPILATION_CONDITIONS = "DEBUG $(inherited)";
				SWIFT_OPTIMIZATION_LEVEL = "-Onone";
			};
			name = Debug;
		};
		4857A9892C8AA35100BC8F0D /* Release */ = {
			isa = XCBuildConfiguration;
			buildSettings = {
				ALWAYS_SEARCH_USER_PATHS = NO;
				ASSETCATALOG_COMPILER_GENERATE_SWIFT_ASSET_SYMBOL_EXTENSIONS = YES;
				CLANG_ANALYZER_NONNULL = YES;
				CLANG_ANALYZER_NUMBER_OBJECT_CONVERSION = YES_AGGRESSIVE;
				CLANG_CXX_LANGUAGE_STANDARD = "gnu++20";
				CLANG_ENABLE_MODULES = YES;
				CLANG_ENABLE_OBJC_ARC = YES;
				CLANG_ENABLE_OBJC_WEAK = YES;
				CLANG_WARN_BLOCK_CAPTURE_AUTORELEASING = YES;
				CLANG_WARN_BOOL_CONVERSION = YES;
				CLANG_WARN_COMMA = YES;
				CLANG_WARN_CONSTANT_CONVERSION = YES;
				CLANG_WARN_DEPRECATED_OBJC_IMPLEMENTATIONS = YES;
				CLANG_WARN_DIRECT_OBJC_ISA_USAGE = YES_ERROR;
				CLANG_WARN_DOCUMENTATION_COMMENTS = YES;
				CLANG_WARN_EMPTY_BODY = YES;
				CLANG_WARN_ENUM_CONVERSION = YES;
				CLANG_WARN_INFINITE_RECURSION = YES;
				CLANG_WARN_INT_CONVERSION = YES;
				CLANG_WARN_NON_LITERAL_NULL_CONVERSION = YES;
				CLANG_WARN_OBJC_IMPLICIT_RETAIN_SELF = YES;
				CLANG_WARN_OBJC_LITERAL_CONVERSION = YES;
				CLANG_WARN_OBJC_ROOT_CLASS = YES_ERROR;
				CLANG_WARN_QUOTED_INCLUDE_IN_FRAMEWORK_HEADER = YES;
				CLANG_WARN_RANGE_LOOP_ANALYSIS = YES;
				CLANG_WARN_STRICT_PROTOTYPES = YES;
				CLANG_WARN_SUSPICIOUS_MOVE = YES;
				CLANG_WARN_UNGUARDED_AVAILABILITY = YES_AGGRESSIVE;
				CLANG_WARN_UNREACHABLE_CODE = YES;
				CLANG_WARN__DUPLICATE_METHOD_MATCH = YES;
				COPY_PHASE_STRIP = NO;
				DEBUG_INFORMATION_FORMAT = "dwarf-with-dsym";
				ENABLE_NS_ASSERTIONS = NO;
				ENABLE_STRICT_OBJC_MSGSEND = YES;
				ENABLE_USER_SCRIPT_SANDBOXING = YES;
				GCC_C_LANGUAGE_STANDARD = gnu17;
				GCC_NO_COMMON_BLOCKS = YES;
				GCC_WARN_64_TO_32_BIT_CONVERSION = YES;
				GCC_WARN_ABOUT_RETURN_TYPE = YES_ERROR;
				GCC_WARN_UNDECLARED_SELECTOR = YES;
				GCC_WARN_UNINITIALIZED_AUTOS = YES_AGGRESSIVE;
				GCC_WARN_UNUSED_FUNCTION = YES;
				GCC_WARN_UNUSED_VARIABLE = YES;
				IPHONEOS_DEPLOYMENT_TARGET = 17.4;
				LOCALIZATION_PREFERS_STRING_CATALOGS = YES;
				MTL_ENABLE_DEBUG_INFO = NO;
				MTL_FAST_MATH = YES;
				SDKROOT = iphoneos;
				SWIFT_COMPILATION_MODE = wholemodule;
				VALIDATE_PRODUCT = YES;
			};
			name = Release;
		};
		4857A98B2C8AA35100BC8F0D /* Debug */ = {
			isa = XCBuildConfiguration;
			buildSettings = {
				ASSETCATALOG_COMPILER_APPICON_NAME = AppIcon;
				ASSETCATALOG_COMPILER_GLOBAL_ACCENT_COLOR_NAME = AccentColor;
				CODE_SIGN_STYLE = Automatic;
				CURRENT_PROJECT_VERSION = 1;
				DEVELOPMENT_ASSET_PATHS = "\"SwiftUI-CryptoCoin/Preview Content\"";
				DEVELOPMENT_TEAM = U4HJYQP2ZD;
				ENABLE_PREVIEWS = YES;
				GENERATE_INFOPLIST_FILE = YES;
				INFOPLIST_KEY_UIApplicationSceneManifest_Generation = YES;
				INFOPLIST_KEY_UIApplicationSupportsIndirectInputEvents = YES;
				INFOPLIST_KEY_UILaunchScreen_Generation = YES;
				INFOPLIST_KEY_UISupportedInterfaceOrientations_iPad = "UIInterfaceOrientationPortrait UIInterfaceOrientationPortraitUpsideDown UIInterfaceOrientationLandscapeLeft UIInterfaceOrientationLandscapeRight";
				INFOPLIST_KEY_UISupportedInterfaceOrientations_iPhone = "UIInterfaceOrientationPortrait UIInterfaceOrientationLandscapeLeft UIInterfaceOrientationLandscapeRight";
				LD_RUNPATH_SEARCH_PATHS = (
					"$(inherited)",
					"@executable_path/Frameworks",
				);
				MARKETING_VERSION = 1.0;
				PRODUCT_BUNDLE_IDENTIFIER = "com.dahyun.SwiftUI-CryptoCoin";
				PRODUCT_NAME = "$(TARGET_NAME)";
				SWIFT_EMIT_LOC_STRINGS = YES;
				SWIFT_VERSION = 5.0;
				TARGETED_DEVICE_FAMILY = "1,2";
			};
			name = Debug;
		};
		4857A98C2C8AA35100BC8F0D /* Release */ = {
			isa = XCBuildConfiguration;
			buildSettings = {
				ASSETCATALOG_COMPILER_APPICON_NAME = AppIcon;
				ASSETCATALOG_COMPILER_GLOBAL_ACCENT_COLOR_NAME = AccentColor;
				CODE_SIGN_STYLE = Automatic;
				CURRENT_PROJECT_VERSION = 1;
				DEVELOPMENT_ASSET_PATHS = "\"SwiftUI-CryptoCoin/Preview Content\"";
				DEVELOPMENT_TEAM = U4HJYQP2ZD;
				ENABLE_PREVIEWS = YES;
				GENERATE_INFOPLIST_FILE = YES;
				INFOPLIST_KEY_UIApplicationSceneManifest_Generation = YES;
				INFOPLIST_KEY_UIApplicationSupportsIndirectInputEvents = YES;
				INFOPLIST_KEY_UILaunchScreen_Generation = YES;
				INFOPLIST_KEY_UISupportedInterfaceOrientations_iPad = "UIInterfaceOrientationPortrait UIInterfaceOrientationPortraitUpsideDown UIInterfaceOrientationLandscapeLeft UIInterfaceOrientationLandscapeRight";
				INFOPLIST_KEY_UISupportedInterfaceOrientations_iPhone = "UIInterfaceOrientationPortrait UIInterfaceOrientationLandscapeLeft UIInterfaceOrientationLandscapeRight";
				LD_RUNPATH_SEARCH_PATHS = (
					"$(inherited)",
					"@executable_path/Frameworks",
				);
				MARKETING_VERSION = 1.0;
				PRODUCT_BUNDLE_IDENTIFIER = "com.dahyun.SwiftUI-CryptoCoin";
				PRODUCT_NAME = "$(TARGET_NAME)";
				SWIFT_EMIT_LOC_STRINGS = YES;
				SWIFT_VERSION = 5.0;
				TARGETED_DEVICE_FAMILY = "1,2";
			};
			name = Release;
		};
/* End XCBuildConfiguration section */

/* Begin XCConfigurationList section */
		4857A9772C8AA34F00BC8F0D /* Build configuration list for PBXProject "SwiftUI-CryptoCoin" */ = {
			isa = XCConfigurationList;
			buildConfigurations = (
				4857A9882C8AA35100BC8F0D /* Debug */,
				4857A9892C8AA35100BC8F0D /* Release */,
			);
			defaultConfigurationIsVisible = 0;
			defaultConfigurationName = Release;
		};
		4857A98A2C8AA35100BC8F0D /* Build configuration list for PBXNativeTarget "SwiftUI-CryptoCoin" */ = {
			isa = XCConfigurationList;
			buildConfigurations = (
				4857A98B2C8AA35100BC8F0D /* Debug */,
				4857A98C2C8AA35100BC8F0D /* Release */,
			);
			defaultConfigurationIsVisible = 0;
			defaultConfigurationName = Release;
		};
/* End XCConfigurationList section */

/* Begin XCRemoteSwiftPackageReference section */
		4857A9932C8AE78800BC8F0D /* XCRemoteSwiftPackageReference "Alamofire" */ = {
			isa = XCRemoteSwiftPackageReference;
			repositoryURL = "https://github.com/Alamofire/Alamofire.git";
			requirement = {
				kind = upToNextMajorVersion;
				minimumVersion = 5.9.1;
			};
		};
/* End XCRemoteSwiftPackageReference section */

/* Begin XCSwiftPackageProductDependency section */
		4857A9942C8AE78800BC8F0D /* Alamofire */ = {
			isa = XCSwiftPackageProductDependency;
			package = 4857A9932C8AE78800BC8F0D /* XCRemoteSwiftPackageReference "Alamofire" */;
			productName = Alamofire;
		};
/* End XCSwiftPackageProductDependency section */
	};
	rootObject = 4857A9742C8AA34F00BC8F0D /* Project object */;
}
